{
  "name": "plugin",
  "lockfileVersion": 3,
  "requires": true,
  "packages": {
    "": {
      "dependencies": {
        "buttonrig": "file:../../buttonrig"
      }
    },
    "../../buttonrig": {
      "version": "1.0.0",
      "license": "Apache 2.0",
      "devDependencies": {
        "@types/node": "^24.9.1",
        "typescript": "^5.9.3"
      }
    },
    "node_modules/buttonrig": {
      "resolved": "../../buttonrig",
      "link": true
    }
  }
}
