{
  "name": "plugin",
  "lockfileVersion": 3,
  "requires": true,
  "packages": {
    "": {
      "dependencies": {
        "buttonrig": "*"
      }
    },
    "node_modules/buttonrig": {
      "version": "1.0.1",
      "resolved": "https://registry.npmjs.org/buttonrig/-/buttonrig-1.0.1.tgz",
      "integrity": "sha512-kHG7dx6BfjK6NWdRnanHA8JY2J43fObwkjhvLz5FkIcdjdlsIu5FAIszq5GUqlvL/b/tG2oafGL404IueFbJvA==",
      "license": "Apache 2.0"
    }
  }
}
